// !$*UTF8*$!
{
	archiveVersion = 1;
	classes = {
	};
	objectVersion = 46;
	objects = {

/* Begin PBXBuildFile section */
		0486A6741BC3FADB00DA7994 /* main.m in Sources */ = {isa = PBXBuildFile; fileRef = 0486A6731BC3FADB00DA7994 /* main.m */; };
		0486A6771BC3FADB00DA7994 /* AppDelegate.m in Sources */ = {isa = PBXBuildFile; fileRef = 0486A6761BC3FADB00DA7994 /* AppDelegate.m */; };
		0486A67A1BC3FADB00DA7994 /* ViewController.m in Sources */ = {isa = PBXBuildFile; fileRef = 0486A6791BC3FADB00DA7994 /* ViewController.m */; };
		0486A67D1BC3FADB00DA7994 /* Main.storyboard in Resources */ = {isa = PBXBuildFile; fileRef = 0486A67B1BC3FADB00DA7994 /* Main.storyboard */; };
		0486A67F1BC3FADB00DA7994 /* Assets.xcassets in Resources */ = {isa = PBXBuildFile; fileRef = 0486A67E1BC3FADB00DA7994 /* Assets.xcassets */; };
		0486A6821BC3FADB00DA7994 /* LaunchScreen.storyboard in Resources */ = {isa = PBXBuildFile; fileRef = 0486A6801BC3FADB00DA7994 /* LaunchScreen.storyboard */; };
		04A5EF891BC53E8E0059DB43 /* JavaScriptCore.framework in Frameworks */ = {isa = PBXBuildFile; fileRef = 04A5EF881BC53E8E0059DB43 /* JavaScriptCore.framework */; };
		04B454FA1BC564FB000C0C33 /* setup_bg_1136x640@2x.png in Resources */ = {isa = PBXBuildFile; fileRef = 04B454F91BC564FB000C0C33 /* setup_bg_1136x640@2x.png */; settings = {ASSET_TAGS = (); }; };
		04B454FC1BC567E4000C0C33 /* Icon-76@2x.png in Resources */ = {isa = PBXBuildFile; fileRef = 04B454FB1BC567E4000C0C33 /* Icon-76@2x.png */; settings = {ASSET_TAGS = (); }; };
		04FD05211BD1618B005A1E8B /* camera.py in Resources */ = {isa = PBXBuildFile; fileRef = 04FD05161BD1618B005A1E8B /* camera.py */; settings = {ASSET_TAGS = (); }; };
		04FD05231BD1618B005A1E8B /* client.py in Resources */ = {isa = PBXBuildFile; fileRef = 04FD05181BD1618B005A1E8B /* client.py */; settings = {ASSET_TAGS = (); }; };
		04FD05241BD1618B005A1E8B /* main.py in Resources */ = {isa = PBXBuildFile; fileRef = 04FD05191BD1618B005A1E8B /* main.py */; settings = {ASSET_TAGS = (); }; };
		04FD05251BD1618B005A1E8B /* server.py in Resources */ = {isa = PBXBuildFile; fileRef = 04FD051A1BD1618B005A1E8B /* server.py */; settings = {ASSET_TAGS = (); }; };
		04FD05271BD1618B005A1E8B /* jquery.js in Resources */ = {isa = PBXBuildFile; fileRef = 04FD051D1BD1618B005A1E8B /* jquery.js */; settings = {ASSET_TAGS = (); }; };
		04FD05281BD1618B005A1E8B /* sockjs.js in Resources */ = {isa = PBXBuildFile; fileRef = 04FD051E1BD1618B005A1E8B /* sockjs.js */; settings = {ASSET_TAGS = (); }; };
		04FD05291BD1618B005A1E8B /* index.html in Resources */ = {isa = PBXBuildFile; fileRef = 04FD05201BD1618B005A1E8B /* index.html */; settings = {ASSET_TAGS = (); }; };
/* End PBXBuildFile section */

/* Begin PBXFileReference section */
		0486A66F1BC3FADB00DA7994 /* WIFIRobot.app */ = {isa = PBXFileReference; explicitFileType = wrapper.application; includeInIndex = 0; path = WIFIRobot.app; sourceTree = BUILT_PRODUCTS_DIR; };
		0486A6731BC3FADB00DA7994 /* main.m */ = {isa = PBXFileReference; lastKnownFileType = sourcecode.c.objc; path = main.m; sourceTree = "<group>"; };
		0486A6751BC3FADB00DA7994 /* AppDelegate.h */ = {isa = PBXFileReference; lastKnownFileType = sourcecode.c.h; path = AppDelegate.h; sourceTree = "<group>"; };
		0486A6761BC3FADB00DA7994 /* AppDelegate.m */ = {isa = PBXFileReference; lastKnownFileType = sourcecode.c.objc; path = AppDelegate.m; sourceTree = "<group>"; };
		0486A6781BC3FADB00DA7994 /* ViewController.h */ = {isa = PBXFileReference; lastKnownFileType = sourcecode.c.h; path = ViewController.h; sourceTree = "<group>"; };
		0486A6791BC3FADB00DA7994 /* ViewController.m */ = {isa = PBXFileReference; lastKnownFileType = sourcecode.c.objc; path = ViewController.m; sourceTree = "<group>"; };
		0486A67C1BC3FADB00DA7994 /* Base */ = {isa = PBXFileReference; lastKnownFileType = file.storyboard; name = Base; path = Base.lproj/Main.storyboard; sourceTree = "<group>"; };
		0486A67E1BC3FADB00DA7994 /* Assets.xcassets */ = {isa = PBXFileReference; lastKnownFileType = folder.assetcatalog; path = Assets.xcassets; sourceTree = "<group>"; };
		0486A6811BC3FADB00DA7994 /* Base */ = {isa = PBXFileReference; lastKnownFileType = file.storyboard; name = Base; path = Base.lproj/LaunchScreen.storyboard; sourceTree = "<group>"; };
		0486A6831BC3FADB00DA7994 /* Info.plist */ = {isa = PBXFileReference; lastKnownFileType = text.plist.xml; path = Info.plist; sourceTree = "<group>"; };
		04A5EF881BC53E8E0059DB43 /* JavaScriptCore.framework */ = {isa = PBXFileReference; lastKnownFileType = wrapper.framework; name = JavaScriptCore.framework; path = System/Library/Frameworks/JavaScriptCore.framework; sourceTree = SDKROOT; };
		04B454F91BC564FB000C0C33 /* setup_bg_1136x640@2x.png */ = {isa = PBXFileReference; lastKnownFileType = image.png; path = "setup_bg_1136x640@2x.png"; sourceTree = "<group>"; };
		04B454FB1BC567E4000C0C33 /* Icon-76@2x.png */ = {isa = PBXFileReference; lastKnownFileType = image.png; path = "Icon-76@2x.png"; sourceTree = "<group>"; };
		04FD05161BD1618B005A1E8B /* camera.py */ = {isa = PBXFileReference; fileEncoding = 4; lastKnownFileType = text.script.python; path = camera.py; sourceTree = "<group>"; };
		04FD05181BD1618B005A1E8B /* client.py */ = {isa = PBXFileReference; fileEncoding = 4; lastKnownFileType = text.script.python; path = client.py; sourceTree = "<group>"; };
		04FD05191BD1618B005A1E8B /* main.py */ = {isa = PBXFileReference; fileEncoding = 4; lastKnownFileType = text.script.python; path = main.py; sourceTree = "<group>"; };
		04FD051A1BD1618B005A1E8B /* server.py */ = {isa = PBXFileReference; fileEncoding = 4; lastKnownFileType = text.script.python; path = server.py; sourceTree = "<group>"; };
		04FD051D1BD1618B005A1E8B /* jquery.js */ = {isa = PBXFileReference; fileEncoding = 4; lastKnownFileType = sourcecode.javascript; path = jquery.js; sourceTree = "<group>"; };
		04FD051E1BD1618B005A1E8B /* sockjs.js */ = {isa = PBXFileReference; fileEncoding = 4; lastKnownFileType = sourcecode.javascript; path = sockjs.js; sourceTree = "<group>"; };
		04FD05201BD1618B005A1E8B /* index.html */ = {isa = PBXFileReference; fileEncoding = 4; lastKnownFileType = text.html; path = index.html; sourceTree = "<group>"; };
/* End PBXFileReference section */

/* Begin PBXFrameworksBuildPhase section */
		0486A66C1BC3FADB00DA7994 /* Frameworks */ = {
			isa = PBXFrameworksBuildPhase;
			buildActionMask = 2147483647;
			files = (
				04A5EF891BC53E8E0059DB43 /* JavaScriptCore.framework in Frameworks */,
			);
			runOnlyForDeploymentPostprocessing = 0;
		};
/* End PBXFrameworksBuildPhase section */

/* Begin PBXGroup section */
		0486A6661BC3FADB00DA7994 = {
			isa = PBXGroup;
			children = (
				04FD05151BD1618B005A1E8B /* wifi_robot */,
				0486A6711BC3FADB00DA7994 /* WIFIRobot */,
				0486A6701BC3FADB00DA7994 /* Products */,
			);
			sourceTree = "<group>";
		};
		0486A6701BC3FADB00DA7994 /* Products */ = {
			isa = PBXGroup;
			children = (
				0486A66F1BC3FADB00DA7994 /* WIFIRobot.app */,
			);
			name = Products;
			sourceTree = "<group>";
		};
		0486A6711BC3FADB00DA7994 /* WIFIRobot */ = {
			isa = PBXGroup;
			children = (
				0486A6751BC3FADB00DA7994 /* AppDelegate.h */,
				0486A6761BC3FADB00DA7994 /* AppDelegate.m */,
				0486A6781BC3FADB00DA7994 /* ViewController.h */,
				0486A6791BC3FADB00DA7994 /* ViewController.m */,
				0486A67B1BC3FADB00DA7994 /* Main.storyboard */,
				0486A67E1BC3FADB00DA7994 /* Assets.xcassets */,
				0486A6801BC3FADB00DA7994 /* LaunchScreen.storyboard */,
				0486A6831BC3FADB00DA7994 /* Info.plist */,
				0486A6721BC3FADB00DA7994 /* Supporting Files */,
			);
			path = WIFIRobot;
			sourceTree = "<group>";
		};
		0486A6721BC3FADB00DA7994 /* Supporting Files */ = {
			isa = PBXGroup;
			children = (
				04A5EF881BC53E8E0059DB43 /* JavaScriptCore.framework */,
				04B454F91BC564FB000C0C33 /* setup_bg_1136x640@2x.png */,
				04B454FB1BC567E4000C0C33 /* Icon-76@2x.png */,
				0486A6731BC3FADB00DA7994 /* main.m */,
			);
			name = "Supporting Files";
			sourceTree = "<group>";
		};
		04FD05151BD1618B005A1E8B /* wifi_robot */ = {
			isa = PBXGroup;
			children = (
				04FD05161BD1618B005A1E8B /* camera.py */,
				04FD05181BD1618B005A1E8B /* client.py */,
				04FD05191BD1618B005A1E8B /* main.py */,
				04FD051A1BD1618B005A1E8B /* server.py */,
				04FD051C1BD1618B005A1E8B /* stc */,
				04FD051F1BD1618B005A1E8B /* tpl */,
			);
			path = wifi_robot;
			sourceTree = "<group>";
		};
		04FD051C1BD1618B005A1E8B /* stc */ = {
			isa = PBXGroup;
			children = (
				04FD051D1BD1618B005A1E8B /* jquery.js */,
				04FD051E1BD1618B005A1E8B /* sockjs.js */,
			);
			path = stc;
			sourceTree = "<group>";
		};
		04FD051F1BD1618B005A1E8B /* tpl */ = {
			isa = PBXGroup;
			children = (
				04FD05201BD1618B005A1E8B /* index.html */,
			);
			path = tpl;
			sourceTree = "<group>";
		};
/* End PBXGroup section */

/* Begin PBXNativeTarget section */
		0486A66E1BC3FADB00DA7994 /* WIFIRobot */ = {
			isa = PBXNativeTarget;
			buildConfigurationList = 0486A6861BC3FADB00DA7994 /* Build configuration list for PBXNativeTarget "WIFIRobot" */;
			buildPhases = (
				0486A66B1BC3FADB00DA7994 /* Sources */,
				0486A66C1BC3FADB00DA7994 /* Frameworks */,
				0486A66D1BC3FADB00DA7994 /* Resources */,
			);
			buildRules = (
			);
			dependencies = (
			);
			name = WIFIRobot;
			productName = WIFIRobot;
			productReference = 0486A66F1BC3FADB00DA7994 /* WIFIRobot.app */;
			productType = "com.apple.product-type.application";
		};
/* End PBXNativeTarget section */

/* Begin PBXProject section */
		0486A6671BC3FADB00DA7994 /* Project object */ = {
			isa = PBXProject;
			attributes = {
				LastUpgradeCheck = 0700;
				ORGANIZATIONNAME = mac;
				TargetAttributes = {
					0486A66E1BC3FADB00DA7994 = {
						CreatedOnToolsVersion = 7.0;
						DevelopmentTeam = 96623PFL44;
					};
				};
			};
			buildConfigurationList = 0486A66A1BC3FADB00DA7994 /* Build configuration list for PBXProject "WIFIRobot" */;
			compatibilityVersion = "Xcode 3.2";
			developmentRegion = English;
			hasScannedForEncodings = 0;
			knownRegions = (
				en,
				Base,
			);
			mainGroup = 0486A6661BC3FADB00DA7994;
			productRefGroup = 0486A6701BC3FADB00DA7994 /* Products */;
			projectDirPath = "";
			projectRoot = "";
			targets = (
				0486A66E1BC3FADB00DA7994 /* WIFIRobot */,
			);
		};
/* End PBXProject section */

/* Begin PBXResourcesBuildPhase section */
		0486A66D1BC3FADB00DA7994 /* Resources */ = {
			isa = PBXResourcesBuildPhase;
			buildActionMask = 2147483647;
			files = (
				04FD05271BD1618B005A1E8B /* jquery.js in Resources */,
				0486A6821BC3FADB00DA7994 /* LaunchScreen.storyboard in Resources */,
				04FD05211BD1618B005A1E8B /* camera.py in Resources */,
				04FD05281BD1618B005A1E8B /* sockjs.js in Resources */,
				04FD05251BD1618B005A1E8B /* server.py in Resources */,
				04FD05291BD1618B005A1E8B /* index.html in Resources */,
				04B454FA1BC564FB000C0C33 /* setup_bg_1136x640@2x.png in Resources */,
				0486A67F1BC3FADB00DA7994 /* Assets.xcassets in Resources */,
				04B454FC1BC567E4000C0C33 /* Icon-76@2x.png in Resources */,
				04FD05241BD1618B005A1E8B /* main.py in Resources */,
				0486A67D1BC3FADB00DA7994 /* Main.storyboard in Resources */,
				04FD05231BD1618B005A1E8B /* client.py in Resources */,
			);
			runOnlyForDeploymentPostprocessing = 0;
		};
/* End PBXResourcesBuildPhase section */

/* Begin PBXSourcesBuildPhase section */
		0486A66B1BC3FADB00DA7994 /* Sources */ = {
			isa = PBXSourcesBuildPhase;
			buildActionMask = 2147483647;
			files = (
				0486A67A1BC3FADB00DA7994 /* ViewController.m in Sources */,
				0486A6771BC3FADB00DA7994 /* AppDelegate.m in Sources */,
				0486A6741BC3FADB00DA7994 /* main.m in Sources */,
			);
			runOnlyForDeploymentPostprocessing = 0;
		};
/* End PBXSourcesBuildPhase section */

/* Begin PBXVariantGroup section */
		0486A67B1BC3FADB00DA7994 /* Main.storyboard */ = {
			isa = PBXVariantGroup;
			children = (
				0486A67C1BC3FADB00DA7994 /* Base */,
			);
			name = Main.storyboard;
			sourceTree = "<group>";
		};
		0486A6801BC3FADB00DA7994 /* LaunchScreen.storyboard */ = {
			isa = PBXVariantGroup;
			children = (
				0486A6811BC3FADB00DA7994 /* Base */,
			);
			name = LaunchScreen.storyboard;
			sourceTree = "<group>";
		};
/* End PBXVariantGroup section */

/* Begin XCBuildConfiguration section */
		0486A6841BC3FADB00DA7994 /* Debug */ = {
			isa = XCBuildConfiguration;
			buildSettings = {
				ALWAYS_SEARCH_USER_PATHS = NO;
				CLANG_CXX_LANGUAGE_STANDARD = "gnu++0x";
				CLANG_CXX_LIBRARY = "libc++";
				CLANG_ENABLE_MODULES = YES;
				CLANG_ENABLE_OBJC_ARC = YES;
				CLANG_WARN_BOOL_CONVERSION = YES;
				CLANG_WARN_CONSTANT_CONVERSION = YES;
				CLANG_WARN_DIRECT_OBJC_ISA_USAGE = YES_ERROR;
				CLANG_WARN_EMPTY_BODY = YES;
				CLANG_WARN_ENUM_CONVERSION = YES;
				CLANG_WARN_INT_CONVERSION = YES;
				CLANG_WARN_OBJC_ROOT_CLASS = YES_ERROR;
				CLANG_WARN_UNREACHABLE_CODE = YES;
				CLANG_WARN__DUPLICATE_METHOD_MATCH = YES;
				"CODE_SIGN_IDENTITY[sdk=iphoneos*]" = "iPhone Developer";
				COPY_PHASE_STRIP = NO;
				DEBUG_INFORMATION_FORMAT = dwarf;
				ENABLE_STRICT_OBJC_MSGSEND = YES;
				ENABLE_TESTABILITY = YES;
				GCC_C_LANGUAGE_STANDARD = gnu99;
				GCC_DYNAMIC_NO_PIC = NO;
				GCC_NO_COMMON_BLOCKS = YES;
				GCC_OPTIMIZATION_LEVEL = 0;
				GCC_PREPROCESSOR_DEFINITIONS = (
					"DEBUG=1",
					"$(inherited)",
				);
				GCC_WARN_64_TO_32_BIT_CONVERSION = YES;
				GCC_WARN_ABOUT_RETURN_TYPE = YES_ERROR;
				GCC_WARN_UNDECLARED_SELECTOR = YES;
				GCC_WARN_UNINITIALIZED_AUTOS = YES_AGGRESSIVE;
				GCC_WARN_UNUSED_FUNCTION = YES;
				GCC_WARN_UNUSED_VARIABLE = YES;
				IPHONEOS_DEPLOYMENT_TARGET = 9.0;
				MTL_ENABLE_DEBUG_INFO = YES;
				ONLY_ACTIVE_ARCH = YES;
				SDKROOT = iphoneos;
			};
			name = Debug;
		};
		0486A6851BC3FADB00DA7994 /* Release */ = {
			isa = XCBuildConfiguration;
			buildSettings = {
				ALWAYS_SEARCH_USER_PATHS = NO;
				CLANG_CXX_LANGUAGE_STANDARD = "gnu++0x";
				CLANG_CXX_LIBRARY = "libc++";
				CLANG_ENABLE_MODULES = YES;
				CLANG_ENABLE_OBJC_ARC = YES;
				CLANG_WARN_BOOL_CONVERSION = YES;
				CLANG_WARN_CONSTANT_CONVERSION = YES;
				CLANG_WARN_DIRECT_OBJC_ISA_USAGE = YES_ERROR;
				CLANG_WARN_EMPTY_BODY = YES;
				CLANG_WARN_ENUM_CONVERSION = YES;
				CLANG_WARN_INT_CONVERSION = YES;
				CLANG_WARN_OBJC_ROOT_CLASS = YES_ERROR;
				CLANG_WARN_UNREACHABLE_CODE = YES;
				CLANG_WARN__DUPLICATE_METHOD_MATCH = YES;
				"CODE_SIGN_IDENTITY[sdk=iphoneos*]" = "iPhone Developer";
				COPY_PHASE_STRIP = NO;
				DEBUG_INFORMATION_FORMAT = "dwarf-with-dsym";
				ENABLE_NS_ASSERTIONS = NO;
				ENABLE_STRICT_OBJC_MSGSEND = YES;
				GCC_C_LANGUAGE_STANDARD = gnu99;
				GCC_NO_COMMON_BLOCKS = YES;
				GCC_WARN_64_TO_32_BIT_CONVERSION = YES;
				GCC_WARN_ABOUT_RETURN_TYPE = YES_ERROR;
				GCC_WARN_UNDECLARED_SELECTOR = YES;
				GCC_WARN_UNINITIALIZED_AUTOS = YES_AGGRESSIVE;
				GCC_WARN_UNUSED_FUNCTION = YES;
				GCC_WARN_UNUSED_VARIABLE = YES;
				IPHONEOS_DEPLOYMENT_TARGET = 9.0;
				MTL_ENABLE_DEBUG_INFO = NO;
				SDKROOT = iphoneos;
				VALIDATE_PRODUCT = YES;
			};
			name = Release;
		};
		0486A6871BC3FADB00DA7994 /* Debug */ = {
			isa = XCBuildConfiguration;
			buildSettings = {
				ASSETCATALOG_COMPILER_APPICON_NAME = AppIcon;
				CODE_SIGN_IDENTITY = "iPhone Developer";
				FRAMEWORK_SEARCH_PATHS = (
					"$(inherited)",
					"$(PROJECT_DIR)/WIFIRobot",
				);
				INFOPLIST_FILE = WIFIRobot/Info.plist;
				IPHONEOS_DEPLOYMENT_TARGET = 8.0;
				LD_RUNPATH_SEARCH_PATHS = "$(inherited) @executable_path/Frameworks";
				PRODUCT_BUNDLE_IDENTIFIER = com.yan.WIFIRobot;
				PRODUCT_NAME = "$(TARGET_NAME)";
			};
			name = Debug;
		};
		0486A6881BC3FADB00DA7994 /* Release */ = {
			isa = XCBuildConfiguration;
			buildSettings = {
				ASSETCATALOG_COMPILER_APPICON_NAME = AppIcon;
				CODE_SIGN_IDENTITY = "iPhone Developer";
				FRAMEWORK_SEARCH_PATHS = (
					"$(inherited)",
					"$(PROJECT_DIR)/WIFIRobot",
				);
				INFOPLIST_FILE = WIFIRobot/Info.plist;
				IPHONEOS_DEPLOYMENT_TARGET = 8.0;
				LD_RUNPATH_SEARCH_PATHS = "$(inherited) @executable_path/Frameworks";
				PRODUCT_BUNDLE_IDENTIFIER = com.yan.WIFIRobot;
				PRODUCT_NAME = "$(TARGET_NAME)";
			};
			name = Release;
		};
/* End XCBuildConfiguration section */

/* Begin XCConfigurationList section */
		0486A66A1BC3FADB00DA7994 /* Build configuration list for PBXProject "WIFIRobot" */ = {
			isa = XCConfigurationList;
			buildConfigurations = (
				0486A6841BC3FADB00DA7994 /* Debug */,
				0486A6851BC3FADB00DA7994 /* Release */,
			);
			defaultConfigurationIsVisible = 0;
			defaultConfigurationName = Release;
		};
		0486A6861BC3FADB00DA7994 /* Build configuration list for PBXNativeTarget "WIFIRobot" */ = {
			isa = XCConfigurationList;
			buildConfigurations = (
				0486A6871BC3FADB00DA7994 /* Debug */,
				0486A6881BC3FADB00DA7994 /* Release */,
			);
			defaultConfigurationIsVisible = 0;
			defaultConfigurationName = Release;
		};
/* End XCConfigurationList section */
	};
	rootObject = 0486A6671BC3FADB00DA7994 /* Project object */;
}
